
Microsoft Visual Studio Solution File, Format Version 12.00
# Visual Studio Version 17
VisualStudioVersion = 17.0.31903.59
MinimumVisualStudioVersion = 10.0.40219.1
Project("{FAE04EC0-301F-11D3-BF4B-00C04F79EFBC}") = "Api", "src\Api\Api.csproj", "{BB5FF5DE-49D2-4E94-9664-07422C3BBAAC}"
EndProject
Project("{FAE04EC0-301F-11D3-BF4B-00C04F79EFBC}") = "Infrastructure", "src\Infrastructure\Infrastructure.csproj", "{D2A19073-68DD-453B-BF71-AF57FDDF6C8A}"
EndProject
Project("{FAE04EC0-301F-11D3-BF4B-00C04F79EFBC}") = "Application", "src\Application\Application.csproj", "{B31ADAED-6880-4546-A305-2630FBA85692}"
EndProject
Project("{FAE04EC0-301F-11D3-BF4B-00C04F79EFBC}") = "Domain", "src\Domain\Domain.csproj", "{97CAD611-60B2-4DF5-A8D8-60EE44BCB69C}"
EndProject
Global
	GlobalSection(SolutionConfigurationPlatforms) = preSolution
		Debug|Any CPU = Debug|Any CPU
		Release|Any CPU = Release|Any CPU
	EndGlobalSection
	GlobalSection(SolutionProperties) = preSolution
		HideSolutionNode = FALSE
	EndGlobalSection
	GlobalSection(ProjectConfigurationPlatforms) = postSolution
		{BB5FF5DE-49D2-4E94-9664-07422C3BBAAC}.Debug|Any CPU.ActiveCfg = Debug|Any CPU
		{BB5FF5DE-49D2-4E94-9664-07422C3BBAAC}.Debug|Any CPU.Build.0 = Debug|Any CPU
		{BB5FF5DE-49D2-4E94-9664-07422C3BBAAC}.Release|Any CPU.ActiveCfg = Release|Any CPU
		{BB5FF5DE-49D2-4E94-9664-07422C3BBAAC}.Release|Any CPU.Build.0 = Release|Any CPU
		{D2A19073-68DD-453B-BF71-AF57FDDF6C8A}.Debug|Any CPU.ActiveCfg = Debug|Any CPU
		{D2A19073-68DD-453B-BF71-AF57FDDF6C8A}.Debug|Any CPU.Build.0 = Debug|Any CPU
		{D2A19073-68DD-453B-BF71-AF57FDDF6C8A}.Release|Any CPU.ActiveCfg = Release|Any CPU
		{D2A19073-68DD-453B-BF71-AF57FDDF6C8A}.Release|Any CPU.Build.0 = Release|Any CPU
		{B31ADAED-6880-4546-A305-2630FBA85692}.Debug|Any CPU.ActiveCfg = Debug|Any CPU
		{B31ADAED-6880-4546-A305-2630FBA85692}.Debug|Any CPU.Build.0 = Debug|Any CPU
		{B31ADAED-6880-4546-A305-2630FBA85692}.Release|Any CPU.ActiveCfg = Release|Any CPU
		{B31ADAED-6880-4546-A305-2630FBA85692}.Release|Any CPU.Build.0 = Release|Any CPU
		{97CAD611-60B2-4DF5-A8D8-60EE44BCB69C}.Debug|Any CPU.ActiveCfg = Debug|Any CPU
		{97CAD611-60B2-4DF5-A8D8-60EE44BCB69C}.Debug|Any CPU.Build.0 = Debug|Any CPU
		{97CAD611-60B2-4DF5-A8D8-60EE44BCB69C}.Release|Any CPU.ActiveCfg = Release|Any CPU
		{97CAD611-60B2-4DF5-A8D8-60EE44BCB69C}.Release|Any CPU.Build.0 = Release|Any CPU
	EndGlobalSection
EndGlobal
